
Microsoft Visual Studio Solution File, Format Version 12.00
# Visual Studio 15
VisualStudioVersion = 15.0.27428.2011
MinimumVisualStudioVersion = 10.0.40219.1
Project("{FAE04EC0-301F-11D3-BF4B-00C04F79EFBC}") = "WebServices", "WebServices\WebServices.csproj", "{C837D7D7-13BF-4C25-8D0A-8977867F87B2}"
EndProject
Project("{FAE04EC0-301F-11D3-BF4B-00C04F79EFBC}") = "Acceptance Tests", "Acceptance Tests\Acceptance Tests.csproj", "{BFE75762-206D-4498-AA22-FA8B16468791}"
EndProject
Project("{FAE04EC0-301F-11D3-BF4B-00C04F79EFBC}") = "IntegrationTests", "IntegrationTests\IntegrationTests.csproj", "{1567D5BE-3100-4758-84D0-EDC219C77519}"
EndProject
Project("{FAE04EC0-301F-11D3-BF4B-00C04F79EFBC}") = "UnitTests", "UnitTests\UnitTests.csproj", "{B09103E3-3251-417A-ADBA-1D78F42DC318}"
EndProject
Project("{FAE04EC0-301F-11D3-BF4B-00C04F79EFBC}") = "SeleniumTests", "SeleniumTests\SeleniumTests.csproj", "{0FC107BF-7AB0-4C1C-AE14-50F3DC83E410}"
EndProject
Global
	GlobalSection(SolutionConfigurationPlatforms) = preSolution
		Debug|Any CPU = Debug|Any CPU
		Release|Any CPU = Release|Any CPU
	EndGlobalSection
	GlobalSection(ProjectConfigurationPlatforms) = postSolution
		{C837D7D7-13BF-4C25-8D0A-8977867F87B2}.Debug|Any CPU.ActiveCfg = Debug|Any CPU
		{C837D7D7-13BF-4C25-8D0A-8977867F87B2}.Debug|Any CPU.Build.0 = Debug|Any CPU
		{C837D7D7-13BF-4C25-8D0A-8977867F87B2}.Release|Any CPU.ActiveCfg = Release|Any CPU
		{C837D7D7-13BF-4C25-8D0A-8977867F87B2}.Release|Any CPU.Build.0 = Release|Any CPU
		{BFE75762-206D-4498-AA22-FA8B16468791}.Debug|Any CPU.ActiveCfg = Debug|Any CPU
		{BFE75762-206D-4498-AA22-FA8B16468791}.Debug|Any CPU.Build.0 = Debug|Any CPU
		{BFE75762-206D-4498-AA22-FA8B16468791}.Release|Any CPU.ActiveCfg = Release|Any CPU
		{BFE75762-206D-4498-AA22-FA8B16468791}.Release|Any CPU.Build.0 = Release|Any CPU
		{1567D5BE-3100-4758-84D0-EDC219C77519}.Debug|Any CPU.ActiveCfg = Debug|Any CPU
		{1567D5BE-3100-4758-84D0-EDC219C77519}.Debug|Any CPU.Build.0 = Debug|Any CPU
		{1567D5BE-3100-4758-84D0-EDC219C77519}.Release|Any CPU.ActiveCfg = Release|Any CPU
		{1567D5BE-3100-4758-84D0-EDC219C77519}.Release|Any CPU.Build.0 = Release|Any CPU
		{B09103E3-3251-417A-ADBA-1D78F42DC318}.Debug|Any CPU.ActiveCfg = Debug|Any CPU
		{B09103E3-3251-417A-ADBA-1D78F42DC318}.Debug|Any CPU.Build.0 = Debug|Any CPU
		{B09103E3-3251-417A-ADBA-1D78F42DC318}.Release|Any CPU.ActiveCfg = Release|Any CPU
		{B09103E3-3251-417A-ADBA-1D78F42DC318}.Release|Any CPU.Build.0 = Release|Any CPU
		{0FC107BF-7AB0-4C1C-AE14-50F3DC83E410}.Debug|Any CPU.ActiveCfg = Debug|Any CPU
		{0FC107BF-7AB0-4C1C-AE14-50F3DC83E410}.Debug|Any CPU.Build.0 = Debug|Any CPU
		{0FC107BF-7AB0-4C1C-AE14-50F3DC83E410}.Release|Any CPU.ActiveCfg = Release|Any CPU
		{0FC107BF-7AB0-4C1C-AE14-50F3DC83E410}.Release|Any CPU.Build.0 = Release|Any CPU
	EndGlobalSection
	GlobalSection(SolutionProperties) = preSolution
		HideSolutionNode = FALSE
	EndGlobalSection
	GlobalSection(ExtensibilityGlobals) = postSolution
		SolutionGuid = {1498AF32-5474-4D99-A147-7A8BD71B5AE4}
	EndGlobalSection
EndGlobal
